// !$*UTF8*$!
{
	archiveVersion = 1;
	classes = {
	};
	objectVersion = 77;
	objects = {

/* Begin PBXBuildFile section */
		42108CAE2D77828C005CA059 /* AcrostiKit.framework in Frameworks */ = {isa = PBXBuildFile; fileRef = 42108CA62D77828C005CA059 /* AcrostiKit.framework */; };
		42108CB92D77828C005CA059 /* AcrostiKit.framework in Frameworks */ = {isa = PBXBuildFile; fileRef = 42108CA62D77828C005CA059 /* AcrostiKit.framework */; };
		42108CBA2D77828C005CA059 /* AcrostiKit.framework in Embed Frameworks */ = {isa = PBXBuildFile; fileRef = 42108CA62D77828C005CA059 /* AcrostiKit.framework */; settings = {ATTRIBUTES = (CodeSignOnCopy, RemoveHeadersOnCopy, ); }; };
		42108D282D778486005CA059 /* WidgetKit.framework in Frameworks */ = {isa = PBXBuildFile; fileRef = 42108D272D778486005CA059 /* WidgetKit.framework */; };
		42108D2A2D778486005CA059 /* SwiftUI.framework in Frameworks */ = {isa = PBXBuildFile; fileRef = 42108D292D778486005CA059 /* SwiftUI.framework */; };
		42108D3B2D778488005CA059 /* AcrosticWidgetsExtension.appex in Embed Foundation Extensions */ = {isa = PBXBuildFile; fileRef = 42108D252D778486005CA059 /* AcrosticWidgetsExtension.appex */; settings = {ATTRIBUTES = (RemoveHeadersOnCopy, ); }; };
/* End PBXBuildFile section */

/* Begin PBXContainerItemProxy section */
		42108C652D777EAB005CA059 /* PBXContainerItemProxy */ = {
			isa = PBXContainerItemProxy;
			containerPortal = 42108C452D777EA9005CA059 /* Project object */;
			proxyType = 1;
			remoteGlobalIDString = 42108C4C2D777EA9005CA059;
			remoteInfo = Acrostic.iOS;
		};
		42108C6F2D777EAB005CA059 /* PBXContainerItemProxy */ = {
			isa = PBXContainerItemProxy;
			containerPortal = 42108C452D777EA9005CA059 /* Project object */;
			proxyType = 1;
			remoteGlobalIDString = 42108C4C2D777EA9005CA059;
			remoteInfo = Acrostic.iOS;
		};
		42108CAF2D77828C005CA059 /* PBXContainerItemProxy */ = {
			isa = PBXContainerItemProxy;
			containerPortal = 42108C452D777EA9005CA059 /* Project object */;
			proxyType = 1;
			remoteGlobalIDString = 42108CA52D77828C005CA059;
			remoteInfo = AcrostiKit;
		};
		42108CB12D77828C005CA059 /* PBXContainerItemProxy */ = {
			isa = PBXContainerItemProxy;
			containerPortal = 42108C452D777EA9005CA059 /* Project object */;
			proxyType = 1;
			remoteGlobalIDString = 42108C4C2D777EA9005CA059;
			remoteInfo = Acrostic.iOS;
		};
		42108CB72D77828C005CA059 /* PBXContainerItemProxy */ = {
			isa = PBXContainerItemProxy;
			containerPortal = 42108C452D777EA9005CA059 /* Project object */;
			proxyType = 1;
			remoteGlobalIDString = 42108CA52D77828C005CA059;
			remoteInfo = AcrostiKit;
		};
		42108D392D778488005CA059 /* PBXContainerItemProxy */ = {
			isa = PBXContainerItemProxy;
			containerPortal = 42108C452D777EA9005CA059 /* Project object */;
			proxyType = 1;
			remoteGlobalIDString = 42108D242D778486005CA059;
			remoteInfo = AcrosticWidgetsExtension;
		};
/* End PBXContainerItemProxy section */

/* Begin PBXCopyFilesBuildPhase section */
		42108CBF2D77828C005CA059 /* Embed Frameworks */ = {
			isa = PBXCopyFilesBuildPhase;
			buildActionMask = 2147483647;
			dstPath = "";
			dstSubfolderSpec = 10;
			files = (
				42108CBA2D77828C005CA059 /* AcrostiKit.framework in Embed Frameworks */,
			);
			name = "Embed Frameworks";
			runOnlyForDeploymentPostprocessing = 0;
		};
		42108D402D778488005CA059 /* Embed Foundation Extensions */ = {
			isa = PBXCopyFilesBuildPhase;
			buildActionMask = 2147483647;
			dstPath = "";
			dstSubfolderSpec = 13;
			files = (
				42108D3B2D778488005CA059 /* AcrosticWidgetsExtension.appex in Embed Foundation Extensions */,
			);
			name = "Embed Foundation Extensions";
			runOnlyForDeploymentPostprocessing = 0;
		};
/* End PBXCopyFilesBuildPhase section */

/* Begin PBXFileReference section */
		42108C4D2D777EA9005CA059 /* Acrostic.iOS.app */ = {isa = PBXFileReference; explicitFileType = wrapper.application; includeInIndex = 0; path = Acrostic.iOS.app; sourceTree = BUILT_PRODUCTS_DIR; };
		42108C642D777EAB005CA059 /* Acrostic.iOSTests.xctest */ = {isa = PBXFileReference; explicitFileType = wrapper.cfbundle; includeInIndex = 0; path = Acrostic.iOSTests.xctest; sourceTree = BUILT_PRODUCTS_DIR; };
		42108C6E2D777EAB005CA059 /* Acrostic.iOSUITests.xctest */ = {isa = PBXFileReference; explicitFileType = wrapper.cfbundle; includeInIndex = 0; path = Acrostic.iOSUITests.xctest; sourceTree = BUILT_PRODUCTS_DIR; };
		42108CA62D77828C005CA059 /* AcrostiKit.framework */ = {isa = PBXFileReference; explicitFileType = wrapper.framework; includeInIndex = 0; path = AcrostiKit.framework; sourceTree = BUILT_PRODUCTS_DIR; };
		42108CAD2D77828C005CA059 /* AcrostiKitTests.xctest */ = {isa = PBXFileReference; explicitFileType = wrapper.cfbundle; includeInIndex = 0; path = AcrostiKitTests.xctest; sourceTree = BUILT_PRODUCTS_DIR; };
		42108D252D778486005CA059 /* AcrosticWidgetsExtension.appex */ = {isa = PBXFileReference; explicitFileType = "wrapper.app-extension"; includeInIndex = 0; path = AcrosticWidgetsExtension.appex; sourceTree = BUILT_PRODUCTS_DIR; };
		42108D272D778486005CA059 /* WidgetKit.framework */ = {isa = PBXFileReference; lastKnownFileType = wrapper.framework; name = WidgetKit.framework; path = System/Library/Frameworks/WidgetKit.framework; sourceTree = SDKROOT; };
		42108D292D778486005CA059 /* SwiftUI.framework */ = {isa = PBXFileReference; lastKnownFileType = wrapper.framework; name = SwiftUI.framework; path = System/Library/Frameworks/SwiftUI.framework; sourceTree = SDKROOT; };
/* End PBXFileReference section */

/* Begin PBXFileSystemSynchronizedBuildFileExceptionSet section */
		42108C762D777EAB005CA059 /* Exceptions for "Acrostic.iOS" folder in "Acrostic.iOS" target */ = {
			isa = PBXFileSystemSynchronizedBuildFileExceptionSet;
			membershipExceptions = (
				Info.plist,
			);
			target = 42108C4C2D777EA9005CA059 /* Acrostic.iOS */;
		};
		42108CBE2D77828C005CA059 /* Exceptions for "AcrostiKit" folder in "AcrostiKit" target */ = {
			isa = PBXFileSystemSynchronizedBuildFileExceptionSet;
			publicHeaders = (
				AcrostiKit.h,
			);
			target = 42108CA52D77828C005CA059 /* AcrostiKit */;
		};
		42108D3F2D778488005CA059 /* Exceptions for "AcrosticWidgets" folder in "AcrosticWidgetsExtension" target */ = {
			isa = PBXFileSystemSynchronizedBuildFileExceptionSet;
			membershipExceptions = (
				Info.plist,
			);
			target = 42108D242D778486005CA059 /* AcrosticWidgetsExtension */;
		};
/* End PBXFileSystemSynchronizedBuildFileExceptionSet section */

/* Begin PBXFileSystemSynchronizedRootGroup section */
		42108C4F2D777EA9005CA059 /* Acrostic.iOS */ = {
			isa = PBXFileSystemSynchronizedRootGroup;
			exceptions = (
				42108C762D777EAB005CA059 /* Exceptions for "Acrostic.iOS" folder in "Acrostic.iOS" target */,
			);
			path = Acrostic.iOS;
			sourceTree = "<group>";
		};
		42108C672D777EAB005CA059 /* Acrostic.iOSTests */ = {
			isa = PBXFileSystemSynchronizedRootGroup;
			path = Acrostic.iOSTests;
			sourceTree = "<group>";
		};
		42108C712D777EAB005CA059 /* Acrostic.iOSUITests */ = {
			isa = PBXFileSystemSynchronizedRootGroup;
			path = Acrostic.iOSUITests;
			sourceTree = "<group>";
		};
		42108CA72D77828C005CA059 /* AcrostiKit */ = {
			isa = PBXFileSystemSynchronizedRootGroup;
			exceptions = (
				42108CBE2D77828C005CA059 /* Exceptions for "AcrostiKit" folder in "AcrostiKit" target */,
			);
			path = AcrostiKit;
			sourceTree = "<group>";
		};
		42108CB32D77828C005CA059 /* AcrostiKitTests */ = {
			isa = PBXFileSystemSynchronizedRootGroup;
			path = AcrostiKitTests;
			sourceTree = "<group>";
		};
		42108D2B2D778486005CA059 /* AcrosticWidgets */ = {
			isa = PBXFileSystemSynchronizedRootGroup;
			exceptions = (
				42108D3F2D778488005CA059 /* Exceptions for "AcrosticWidgets" folder in "AcrosticWidgetsExtension" target */,
			);
			path = AcrosticWidgets;
			sourceTree = "<group>";
		};
/* End PBXFileSystemSynchronizedRootGroup section */

/* Begin PBXFrameworksBuildPhase section */
		42108C4A2D777EA9005CA059 /* Frameworks */ = {
			isa = PBXFrameworksBuildPhase;
			buildActionMask = 2147483647;
			files = (
				42108CB92D77828C005CA059 /* AcrostiKit.framework in Frameworks */,
			);
			runOnlyForDeploymentPostprocessing = 0;
		};
		42108C612D777EAB005CA059 /* Frameworks */ = {
			isa = PBXFrameworksBuildPhase;
			buildActionMask = 2147483647;
			files = (
			);
			runOnlyForDeploymentPostprocessing = 0;
		};
		42108C6B2D777EAB005CA059 /* Frameworks */ = {
			isa = PBXFrameworksBuildPhase;
			buildActionMask = 2147483647;
			files = (
			);
			runOnlyForDeploymentPostprocessing = 0;
		};
		42108CA32D77828C005CA059 /* Frameworks */ = {
			isa = PBXFrameworksBuildPhase;
			buildActionMask = 2147483647;
			files = (
			);
			runOnlyForDeploymentPostprocessing = 0;
		};
		42108CAA2D77828C005CA059 /* Frameworks */ = {
			isa = PBXFrameworksBuildPhase;
			buildActionMask = 2147483647;
			files = (
				42108CAE2D77828C005CA059 /* AcrostiKit.framework in Frameworks */,
			);
			runOnlyForDeploymentPostprocessing = 0;
		};
		42108D222D778486005CA059 /* Frameworks */ = {
			isa = PBXFrameworksBuildPhase;
			buildActionMask = 2147483647;
			files = (
				42108D2A2D778486005CA059 /* SwiftUI.framework in Frameworks */,
				42108D282D778486005CA059 /* WidgetKit.framework in Frameworks */,
			);
			runOnlyForDeploymentPostprocessing = 0;
		};
/* End PBXFrameworksBuildPhase section */

/* Begin PBXGroup section */
		42108C442D777EA9005CA059 = {
			isa = PBXGroup;
			children = (
				42108C4F2D777EA9005CA059 /* Acrostic.iOS */,
				42108C672D777EAB005CA059 /* Acrostic.iOSTests */,
				42108C712D777EAB005CA059 /* Acrostic.iOSUITests */,
				42108CA72D77828C005CA059 /* AcrostiKit */,
				42108CB32D77828C005CA059 /* AcrostiKitTests */,
				42108D2B2D778486005CA059 /* AcrosticWidgets */,
				42108D262D778486005CA059 /* Frameworks */,
				42108C4E2D777EA9005CA059 /* Products */,
			);
			sourceTree = "<group>";
		};
		42108C4E2D777EA9005CA059 /* Products */ = {
			isa = PBXGroup;
			children = (
				42108C4D2D777EA9005CA059 /* Acrostic.iOS.app */,
				42108C642D777EAB005CA059 /* Acrostic.iOSTests.xctest */,
				42108C6E2D777EAB005CA059 /* Acrostic.iOSUITests.xctest */,
				42108CA62D77828C005CA059 /* AcrostiKit.framework */,
				42108CAD2D77828C005CA059 /* AcrostiKitTests.xctest */,
				42108D252D778486005CA059 /* AcrosticWidgetsExtension.appex */,
			);
			name = Products;
			sourceTree = "<group>";
		};
		42108D262D778486005CA059 /* Frameworks */ = {
			isa = PBXGroup;
			children = (
				42108D272D778486005CA059 /* WidgetKit.framework */,
				42108D292D778486005CA059 /* SwiftUI.framework */,
			);
			name = Frameworks;
			sourceTree = "<group>";
		};
/* End PBXGroup section */

/* Begin PBXHeadersBuildPhase section */
		42108CA12D77828C005CA059 /* Headers */ = {
			isa = PBXHeadersBuildPhase;
			buildActionMask = 2147483647;
			files = (
			);
			runOnlyForDeploymentPostprocessing = 0;
		};
/* End PBXHeadersBuildPhase section */

/* Begin PBXNativeTarget section */
		42108C4C2D777EA9005CA059 /* Acrostic.iOS */ = {
			isa = PBXNativeTarget;
			buildConfigurationList = 42108C772D777EAB005CA059 /* Build configuration list for PBXNativeTarget "Acrostic.iOS" */;
			buildPhases = (
				42108C492D777EA9005CA059 /* Sources */,
				42108C4A2D777EA9005CA059 /* Frameworks */,
				42108C4B2D777EA9005CA059 /* Resources */,
				42108CBF2D77828C005CA059 /* Embed Frameworks */,
				42108D402D778488005CA059 /* Embed Foundation Extensions */,
				425ED7E32D77955200A17EB9 /* ShellScript */,
			);
			buildRules = (
			);
			dependencies = (
				42108CB82D77828C005CA059 /* PBXTargetDependency */,
				42108D3A2D778488005CA059 /* PBXTargetDependency */,
			);
			fileSystemSynchronizedGroups = (
				42108C4F2D777EA9005CA059 /* Acrostic.iOS */,
			);
			name = Acrostic.iOS;
			packageProductDependencies = (
			);
			productName = Acrostic.iOS;
			productReference = 42108C4D2D777EA9005CA059 /* Acrostic.iOS.app */;
			productType = "com.apple.product-type.application";
		};
		42108C632D777EAB005CA059 /* Acrostic.iOSTests */ = {
			isa = PBXNativeTarget;
			buildConfigurationList = 42108C7C2D777EAB005CA059 /* Build configuration list for PBXNativeTarget "Acrostic.iOSTests" */;
			buildPhases = (
				42108C602D777EAB005CA059 /* Sources */,
				42108C612D777EAB005CA059 /* Frameworks */,
				42108C622D777EAB005CA059 /* Resources */,
			);
			buildRules = (
			);
			dependencies = (
				42108C662D777EAB005CA059 /* PBXTargetDependency */,
			);
			fileSystemSynchronizedGroups = (
				42108C672D777EAB005CA059 /* Acrostic.iOSTests */,
			);
			name = Acrostic.iOSTests;
			packageProductDependencies = (
			);
			productName = Acrostic.iOSTests;
			productReference = 42108C642D777EAB005CA059 /* Acrostic.iOSTests.xctest */;
			productType = "com.apple.product-type.bundle.unit-test";
		};
		42108C6D2D777EAB005CA059 /* Acrostic.iOSUITests */ = {
			isa = PBXNativeTarget;
			buildConfigurationList = 42108C7F2D777EAB005CA059 /* Build configuration list for PBXNativeTarget "Acrostic.iOSUITests" */;
			buildPhases = (
				42108C6A2D777EAB005CA059 /* Sources */,
				42108C6B2D777EAB005CA059 /* Frameworks */,
				42108C6C2D777EAB005CA059 /* Resources */,
			);
			buildRules = (
			);
			dependencies = (
				42108C702D777EAB005CA059 /* PBXTargetDependency */,
			);
			fileSystemSynchronizedGroups = (
				42108C712D777EAB005CA059 /* Acrostic.iOSUITests */,
			);
			name = Acrostic.iOSUITests;
			packageProductDependencies = (
			);
			productName = Acrostic.iOSUITests;
			productReference = 42108C6E2D777EAB005CA059 /* Acrostic.iOSUITests.xctest */;
			productType = "com.apple.product-type.bundle.ui-testing";
		};
		42108CA52D77828C005CA059 /* AcrostiKit */ = {
			isa = PBXNativeTarget;
			buildConfigurationList = 42108CBB2D77828C005CA059 /* Build configuration list for PBXNativeTarget "AcrostiKit" */;
			buildPhases = (
				42108CA12D77828C005CA059 /* Headers */,
				42108CA22D77828C005CA059 /* Sources */,
				42108CA32D77828C005CA059 /* Frameworks */,
				42108CA42D77828C005CA059 /* Resources */,
			);
			buildRules = (
			);
			dependencies = (
			);
			fileSystemSynchronizedGroups = (
				42108CA72D77828C005CA059 /* AcrostiKit */,
			);
			name = AcrostiKit;
			packageProductDependencies = (
			);
			productName = AcrostiKit;
			productReference = 42108CA62D77828C005CA059 /* AcrostiKit.framework */;
			productType = "com.apple.product-type.framework";
		};
		42108CAC2D77828C005CA059 /* AcrostiKitTests */ = {
			isa = PBXNativeTarget;
			buildConfigurationList = 42108CC02D77828C005CA059 /* Build configuration list for PBXNativeTarget "AcrostiKitTests" */;
			buildPhases = (
				42108CA92D77828C005CA059 /* Sources */,
				42108CAA2D77828C005CA059 /* Frameworks */,
				42108CAB2D77828C005CA059 /* Resources */,
			);
			buildRules = (
			);
			dependencies = (
				42108CB02D77828C005CA059 /* PBXTargetDependency */,
				42108CB22D77828C005CA059 /* PBXTargetDependency */,
			);
			fileSystemSynchronizedGroups = (
				42108CB32D77828C005CA059 /* AcrostiKitTests */,
			);
			name = AcrostiKitTests;
			packageProductDependencies = (
			);
			productName = AcrostiKitTests;
			productReference = 42108CAD2D77828C005CA059 /* AcrostiKitTests.xctest */;
			productType = "com.apple.product-type.bundle.unit-test";
		};
		42108D242D778486005CA059 /* AcrosticWidgetsExtension */ = {
			isa = PBXNativeTarget;
			buildConfigurationList = 42108D3C2D778488005CA059 /* Build configuration list for PBXNativeTarget "AcrosticWidgetsExtension" */;
			buildPhases = (
				42108D212D778486005CA059 /* Sources */,
				42108D222D778486005CA059 /* Frameworks */,
				42108D232D778486005CA059 /* Resources */,
			);
			buildRules = (
			);
			dependencies = (
			);
			fileSystemSynchronizedGroups = (
				42108D2B2D778486005CA059 /* AcrosticWidgets */,
			);
			name = AcrosticWidgetsExtension;
			packageProductDependencies = (
			);
			productName = AcrosticWidgetsExtension;
			productReference = 42108D252D778486005CA059 /* AcrosticWidgetsExtension.appex */;
			productType = "com.apple.product-type.app-extension";
		};
/* End PBXNativeTarget section */

/* Begin PBXProject section */
		42108C452D777EA9005CA059 /* Project object */ = {
			isa = PBXProject;
			attributes = {
				BuildIndependentTargetsInParallel = 1;
				LastSwiftUpdateCheck = 1620;
				LastUpgradeCheck = 1620;
				TargetAttributes = {
					42108C4C2D777EA9005CA059 = {
						CreatedOnToolsVersion = 16.2;
					};
					42108C632D777EAB005CA059 = {
						CreatedOnToolsVersion = 16.2;
						TestTargetID = 42108C4C2D777EA9005CA059;
					};
					42108C6D2D777EAB005CA059 = {
						CreatedOnToolsVersion = 16.2;
						TestTargetID = 42108C4C2D777EA9005CA059;
					};
					42108CA52D77828C005CA059 = {
						CreatedOnToolsVersion = 16.2;
						LastSwiftMigration = 1620;
					};
					42108CAC2D77828C005CA059 = {
						CreatedOnToolsVersion = 16.2;
						TestTargetID = 42108C4C2D777EA9005CA059;
					};
					42108D242D778486005CA059 = {
						CreatedOnToolsVersion = 16.2;
					};
				};
			};
			buildConfigurationList = 42108C482D777EA9005CA059 /* Build configuration list for PBXProject "Acrostic.iOS" */;
			developmentRegion = en;
			hasScannedForEncodings = 0;
			knownRegions = (
				en,
				Base,
			);
			mainGroup = 42108C442D777EA9005CA059;
			minimizedProjectReferenceProxies = 1;
			preferredProjectObjectVersion = 77;
			productRefGroup = 42108C4E2D777EA9005CA059 /* Products */;
			projectDirPath = "";
			projectRoot = "";
			targets = (
				42108C4C2D777EA9005CA059 /* Acrostic.iOS */,
				42108C632D777EAB005CA059 /* Acrostic.iOSTests */,
				42108C6D2D777EAB005CA059 /* Acrostic.iOSUITests */,
				42108CA52D77828C005CA059 /* AcrostiKit */,
				42108CAC2D77828C005CA059 /* AcrostiKitTests */,
				42108D242D778486005CA059 /* AcrosticWidgetsExtension */,
			);
		};
/* End PBXProject section */

/* Begin PBXResourcesBuildPhase section */
		42108C4B2D777EA9005CA059 /* Resources */ = {
			isa = PBXResourcesBuildPhase;
			buildActionMask = 2147483647;
			files = (
			);
			runOnlyForDeploymentPostprocessing = 0;
		};
		42108C622D777EAB005CA059 /* Resources */ = {
			isa = PBXResourcesBuildPhase;
			buildActionMask = 2147483647;
			files = (
			);
			runOnlyForDeploymentPostprocessing = 0;
		};
		42108C6C2D777EAB005CA059 /* Resources */ = {
			isa = PBXResourcesBuildPhase;
			buildActionMask = 2147483647;
			files = (
			);
			runOnlyForDeploymentPostprocessing = 0;
		};
		42108CA42D77828C005CA059 /* Resources */ = {
			isa = PBXResourcesBuildPhase;
			buildActionMask = 2147483647;
			files = (
			);
			runOnlyForDeploymentPostprocessing = 0;
		};
		42108CAB2D77828C005CA059 /* Resources */ = {
			isa = PBXResourcesBuildPhase;
			buildActionMask = 2147483647;
			files = (
			);
			runOnlyForDeploymentPostprocessing = 0;
		};
		42108D232D778486005CA059 /* Resources */ = {
			isa = PBXResourcesBuildPhase;
			buildActionMask = 2147483647;
			files = (
			);
			runOnlyForDeploymentPostprocessing = 0;
		};
/* End PBXResourcesBuildPhase section */

/* Begin PBXShellScriptBuildPhase section */
		425ED7E32D77955200A17EB9 /* ShellScript */ = {
			isa = PBXShellScriptBuildPhase;
			buildActionMask = 2147483647;
			files = (
			);
			inputFileListPaths = (
			);
			inputPaths = (
			);
			outputFileListPaths = (
			);
			outputPaths = (
			);
			runOnlyForDeploymentPostprocessing = 0;
			shellPath = /bin/sh;
			shellScript = "# Skip during indexing\nif [ \"$ACTION\" = \"indexbuild\" ]; then\n    exit 0\nfi\n\n# Check if Rust is installed\nif ! command -v rustc &> /dev/null; then\n    echo \"Error: Rust is not installed. Please install Rust to build this project.\"\n    echo \"Visit https://www.rust-lang.org/tools/install for installation instructions.\"\n    exit 1\nfi\n\n# Path to repository root - navigate up from the Xcode project\nREPO_ROOT=$(cd \"${PROJECT_DIR}/..\" && pwd)\n\n# Path to the Rust project (Acrostic.Storage)\nRUST_PROJECT_PATH=\"${REPO_ROOT}/Acrostic.Storage\"\n\n# Target directory\nTARGET_DIR=\"${RUST_PROJECT_PATH}/target\"\n\n# Architecture configurations\nif [ \"${PLATFORM_NAME}\" = \"iphonesimulator\" ]; then\n    RUST_TARGET=\"x86_64-apple-ios\"\n    if [ \"${ARCHS}\" = \"arm64\" ]; then\n        RUST_TARGET=\"aarch64-apple-ios-sim\"\n    fi\nelse\n    RUST_TARGET=\"aarch64-apple-ios\"\nfi\n\n# Ensure Rust targets are installed\nrustup target add ${RUST_TARGET}\n\n# Build the Rust library\necho \"Building Rust library from ${RUST_PROJECT_PATH}...\"\ncd \"${RUST_PROJECT_PATH}\"\n\n# Check for any custom Cargo settings\nif [ -f \".cargo/config.toml\" ]; then\n    echo \"Using custom Cargo configuration\"\nfi\n\n# Build the library\ncargo build --target ${RUST_TARGET} --release\n\n# Verify build succeeded\nif [ $? -ne 0 ]; then\n    echo \"Error: Rust build failed\"\n    exit 1\nfi\n\n# Create destination directories\nmkdir -p \"${BUILT_PRODUCTS_DIR}\"\nmkdir -p \"${BUILT_PRODUCTS_DIR}/include\"\n\n# Copy the built library to the right place\necho \"Copying library from ${TARGET_DIR}/${RUST_TARGET}/release/ to ${BUILT_PRODUCTS_DIR}\"\ncp \"${TARGET_DIR}/${RUST_TARGET}/release/libacrostic_storage.a\" \"${BUILT_PRODUCTS_DIR}\"\n\n# Copy header to include directory\necho \"Copying headers to ${BUILT_PRODUCTS_DIR}/include/\"\ncp \"${RUST_PROJECT_PATH}/include/acrostic_storage.h\" \"${BUILT_PRODUCTS_DIR}/include/\"\n\necho \"Successfully built and copied Rust library\"\n";
		};
/* End PBXShellScriptBuildPhase section */

/* Begin PBXSourcesBuildPhase section */
		42108C492D777EA9005CA059 /* Sources */ = {
			isa = PBXSourcesBuildPhase;
			buildActionMask = 2147483647;
			files = (
			);
			runOnlyForDeploymentPostprocessing = 0;
		};
		42108C602D777EAB005CA059 /* Sources */ = {
			isa = PBXSourcesBuildPhase;
			buildActionMask = 2147483647;
			files = (
			);
			runOnlyForDeploymentPostprocessing = 0;
		};
		42108C6A2D777EAB005CA059 /* Sources */ = {
			isa = PBXSourcesBuildPhase;
			buildActionMask = 2147483647;
			files = (
			);
			runOnlyForDeploymentPostprocessing = 0;
		};
		42108CA22D77828C005CA059 /* Sources */ = {
			isa = PBXSourcesBuildPhase;
			buildActionMask = 2147483647;
			files = (
			);
			runOnlyForDeploymentPostprocessing = 0;
		};
		42108CA92D77828C005CA059 /* Sources */ = {
			isa = PBXSourcesBuildPhase;
			buildActionMask = 2147483647;
			files = (
			);
			runOnlyForDeploymentPostprocessing = 0;
		};
		42108D212D778486005CA059 /* Sources */ = {
			isa = PBXSourcesBuildPhase;
			buildActionMask = 2147483647;
			files = (
			);
			runOnlyForDeploymentPostprocessing = 0;
		};
/* End PBXSourcesBuildPhase section */

/* Begin PBXTargetDependency section */
		42108C662D777EAB005CA059 /* PBXTargetDependency */ = {
			isa = PBXTargetDependency;
			target = 42108C4C2D777EA9005CA059 /* Acrostic.iOS */;
			targetProxy = 42108C652D777EAB005CA059 /* PBXContainerItemProxy */;
		};
		42108C702D777EAB005CA059 /* PBXTargetDependency */ = {
			isa = PBXTargetDependency;
			target = 42108C4C2D777EA9005CA059 /* Acrostic.iOS */;
			targetProxy = 42108C6F2D777EAB005CA059 /* PBXContainerItemProxy */;
		};
		42108CB02D77828C005CA059 /* PBXTargetDependency */ = {
			isa = PBXTargetDependency;
			target = 42108CA52D77828C005CA059 /* AcrostiKit */;
			targetProxy = 42108CAF2D77828C005CA059 /* PBXContainerItemProxy */;
		};
		42108CB22D77828C005CA059 /* PBXTargetDependency */ = {
			isa = PBXTargetDependency;
			target = 42108C4C2D777EA9005CA059 /* Acrostic.iOS */;
			targetProxy = 42108CB12D77828C005CA059 /* PBXContainerItemProxy */;
		};
		42108CB82D77828C005CA059 /* PBXTargetDependency */ = {
			isa = PBXTargetDependency;
			target = 42108CA52D77828C005CA059 /* AcrostiKit */;
			targetProxy = 42108CB72D77828C005CA059 /* PBXContainerItemProxy */;
		};
		42108D3A2D778488005CA059 /* PBXTargetDependency */ = {
			isa = PBXTargetDependency;
			target = 42108D242D778486005CA059 /* AcrosticWidgetsExtension */;
			targetProxy = 42108D392D778488005CA059 /* PBXContainerItemProxy */;
		};
/* End PBXTargetDependency section */

/* Begin XCBuildConfiguration section */
		42108C782D777EAB005CA059 /* Debug */ = {
			isa = XCBuildConfiguration;
			buildSettings = {
				ASSETCATALOG_COMPILER_APPICON_NAME = AppIcon;
				ASSETCATALOG_COMPILER_GLOBAL_ACCENT_COLOR_NAME = AccentColor;
				CODE_SIGN_ENTITLEMENTS = Acrostic.iOS/Acrostic_iOS.entitlements;
				CODE_SIGN_STYLE = Automatic;
				CURRENT_PROJECT_VERSION = 1;
				DEVELOPMENT_ASSET_PATHS = "\"Acrostic.iOS/Preview Content\"";
				DEVELOPMENT_TEAM = FZ8DWDX6A5;
				ENABLE_HARDENED_RUNTIME = YES;
				ENABLE_PREVIEWS = YES;
				GENERATE_INFOPLIST_FILE = YES;
				INFOPLIST_FILE = Acrostic.iOS/Info.plist;
				INFOPLIST_KEY_CFBundleDisplayName = Acrostic;
				INFOPLIST_KEY_LSApplicationCategoryType = "public.app-category.productivity";
				"INFOPLIST_KEY_UIApplicationSceneManifest_Generation[sdk=iphoneos*]" = YES;
				"INFOPLIST_KEY_UIApplicationSceneManifest_Generation[sdk=iphonesimulator*]" = YES;
				"INFOPLIST_KEY_UIApplicationSupportsIndirectInputEvents[sdk=iphoneos*]" = YES;
				"INFOPLIST_KEY_UIApplicationSupportsIndirectInputEvents[sdk=iphonesimulator*]" = YES;
				"INFOPLIST_KEY_UILaunchScreen_Generation[sdk=iphoneos*]" = YES;
				"INFOPLIST_KEY_UILaunchScreen_Generation[sdk=iphonesimulator*]" = YES;
				"INFOPLIST_KEY_UIStatusBarStyle[sdk=iphoneos*]" = UIStatusBarStyleDefault;
				"INFOPLIST_KEY_UIStatusBarStyle[sdk=iphonesimulator*]" = UIStatusBarStyleDefault;
				INFOPLIST_KEY_UISupportedInterfaceOrientations_iPad = "UIInterfaceOrientationPortrait UIInterfaceOrientationPortraitUpsideDown UIInterfaceOrientationLandscapeLeft UIInterfaceOrientationLandscapeRight";
				INFOPLIST_KEY_UISupportedInterfaceOrientations_iPhone = "UIInterfaceOrientationPortrait UIInterfaceOrientationLandscapeLeft UIInterfaceOrientationLandscapeRight";
				IPHONEOS_DEPLOYMENT_TARGET = 18.2;
				LD_RUNPATH_SEARCH_PATHS = "@executable_path/Frameworks";
				"LD_RUNPATH_SEARCH_PATHS[sdk=macosx*]" = "@executable_path/../Frameworks";
				MACOSX_DEPLOYMENT_TARGET = 15.2;
				MARKETING_VERSION = 1.0;
				PRODUCT_BUNDLE_IDENTIFIER = "jmount.Acrostic-iOS";
				PRODUCT_NAME = "$(TARGET_NAME)";
				SDKROOT = auto;
				SUPPORTED_PLATFORMS = "iphoneos iphonesimulator";
				SUPPORTS_MACCATALYST = NO;
				SWIFT_EMIT_LOC_STRINGS = YES;
				SWIFT_VERSION = 5.0;
				TARGETED_DEVICE_FAMILY = "1,2";
				XROS_DEPLOYMENT_TARGET = 2.2;
			};
			name = Debug;
		};
		42108C792D777EAB005CA059 /* Release */ = {
			isa = XCBuildConfiguration;
			buildSettings = {
				ASSETCATALOG_COMPILER_APPICON_NAME = AppIcon;
				ASSETCATALOG_COMPILER_GLOBAL_ACCENT_COLOR_NAME = AccentColor;
				CODE_SIGN_ENTITLEMENTS = Acrostic.iOS/Acrostic_iOS.entitlements;
				CODE_SIGN_STYLE = Automatic;
				CURRENT_PROJECT_VERSION = 1;
				DEVELOPMENT_ASSET_PATHS = "\"Acrostic.iOS/Preview Content\"";
				DEVELOPMENT_TEAM = FZ8DWDX6A5;
				ENABLE_HARDENED_RUNTIME = YES;
				ENABLE_PREVIEWS = YES;
				GENERATE_INFOPLIST_FILE = YES;
				INFOPLIST_FILE = Acrostic.iOS/Info.plist;
				INFOPLIST_KEY_CFBundleDisplayName = Acrostic;
				INFOPLIST_KEY_LSApplicationCategoryType = "public.app-category.productivity";
				"INFOPLIST_KEY_UIApplicationSceneManifest_Generation[sdk=iphoneos*]" = YES;
				"INFOPLIST_KEY_UIApplicationSceneManifest_Generation[sdk=iphonesimulator*]" = YES;
				"INFOPLIST_KEY_UIApplicationSupportsIndirectInputEvents[sdk=iphoneos*]" = YES;
				"INFOPLIST_KEY_UIApplicationSupportsIndirectInputEvents[sdk=iphonesimulator*]" = YES;
				"INFOPLIST_KEY_UILaunchScreen_Generation[sdk=iphoneos*]" = YES;
				"INFOPLIST_KEY_UILaunchScreen_Generation[sdk=iphonesimulator*]" = YES;
				"INFOPLIST_KEY_UIStatusBarStyle[sdk=iphoneos*]" = UIStatusBarStyleDefault;
				"INFOPLIST_KEY_UIStatusBarStyle[sdk=iphonesimulator*]" = UIStatusBarStyleDefault;
				INFOPLIST_KEY_UISupportedInterfaceOrientations_iPad = "UIInterfaceOrientationPortrait UIInterfaceOrientationPortraitUpsideDown UIInterfaceOrientationLandscapeLeft UIInterfaceOrientationLandscapeRight";
				INFOPLIST_KEY_UISupportedInterfaceOrientations_iPhone = "UIInterfaceOrientationPortrait UIInterfaceOrientationLandscapeLeft UIInterfaceOrientationLandscapeRight";
				IPHONEOS_DEPLOYMENT_TARGET = 18.2;
				LD_RUNPATH_SEARCH_PATHS = "@executable_path/Frameworks";
				"LD_RUNPATH_SEARCH_PATHS[sdk=macosx*]" = "@executable_path/../Frameworks";
				MACOSX_DEPLOYMENT_TARGET = 15.2;
				MARKETING_VERSION = 1.0;
				PRODUCT_BUNDLE_IDENTIFIER = "jmount.Acrostic-iOS";
				PRODUCT_NAME = "$(TARGET_NAME)";
				SDKROOT = auto;
				SUPPORTED_PLATFORMS = "iphoneos iphonesimulator";
				SUPPORTS_MACCATALYST = NO;
				SWIFT_EMIT_LOC_STRINGS = YES;
				SWIFT_VERSION = 5.0;
				TARGETED_DEVICE_FAMILY = "1,2";
				XROS_DEPLOYMENT_TARGET = 2.2;
			};
			name = Release;
		};
		42108C7A2D777EAB005CA059 /* Debug */ = {
			isa = XCBuildConfiguration;
			buildSettings = {
				ALWAYS_SEARCH_USER_PATHS = NO;
				ASSETCATALOG_COMPILER_GENERATE_SWIFT_ASSET_SYMBOL_EXTENSIONS = YES;
				CLANG_ANALYZER_NONNULL = YES;
				CLANG_ANALYZER_NUMBER_OBJECT_CONVERSION = YES_AGGRESSIVE;
				CLANG_CXX_LANGUAGE_STANDARD = "gnu++20";
				CLANG_ENABLE_MODULES = YES;
				CLANG_ENABLE_OBJC_ARC = YES;
				CLANG_ENABLE_OBJC_WEAK = YES;
				CLANG_WARN_BLOCK_CAPTURE_AUTORELEASING = YES;
				CLANG_WARN_BOOL_CONVERSION = YES;
				CLANG_WARN_COMMA = YES;
				CLANG_WARN_CONSTANT_CONVERSION = YES;
				CLANG_WARN_DEPRECATED_OBJC_IMPLEMENTATIONS = YES;
				CLANG_WARN_DIRECT_OBJC_ISA_USAGE = YES_ERROR;
				CLANG_WARN_DOCUMENTATION_COMMENTS = YES;
				CLANG_WARN_EMPTY_BODY = YES;
				CLANG_WARN_ENUM_CONVERSION = YES;
				CLANG_WARN_INFINITE_RECURSION = YES;
				CLANG_WARN_INT_CONVERSION = YES;
				CLANG_WARN_NON_LITERAL_NULL_CONVERSION = YES;
				CLANG_WARN_OBJC_IMPLICIT_RETAIN_SELF = YES;
				CLANG_WARN_OBJC_LITERAL_CONVERSION = YES;
				CLANG_WARN_OBJC_ROOT_CLASS = YES_ERROR;
				CLANG_WARN_QUOTED_INCLUDE_IN_FRAMEWORK_HEADER = YES;
				CLANG_WARN_RANGE_LOOP_ANALYSIS = YES;
				CLANG_WARN_STRICT_PROTOTYPES = YES;
				CLANG_WARN_SUSPICIOUS_MOVE = YES;
				CLANG_WARN_UNGUARDED_AVAILABILITY = YES_AGGRESSIVE;
				CLANG_WARN_UNREACHABLE_CODE = YES;
				CLANG_WARN__DUPLICATE_METHOD_MATCH = YES;
				COPY_PHASE_STRIP = NO;
				DEBUG_INFORMATION_FORMAT = dwarf;
				ENABLE_STRICT_OBJC_MSGSEND = YES;
				ENABLE_TESTABILITY = YES;
				ENABLE_USER_SCRIPT_SANDBOXING = YES;
				GCC_C_LANGUAGE_STANDARD = gnu17;
				GCC_DYNAMIC_NO_PIC = NO;
				GCC_NO_COMMON_BLOCKS = YES;
				GCC_OPTIMIZATION_LEVEL = 0;
				GCC_PREPROCESSOR_DEFINITIONS = (
					"DEBUG=1",
					"$(inherited)",
				);
				GCC_WARN_64_TO_32_BIT_CONVERSION = YES;
				GCC_WARN_ABOUT_RETURN_TYPE = YES_ERROR;
				GCC_WARN_UNDECLARED_SELECTOR = YES;
				GCC_WARN_UNINITIALIZED_AUTOS = YES_AGGRESSIVE;
				GCC_WARN_UNUSED_FUNCTION = YES;
				GCC_WARN_UNUSED_VARIABLE = YES;
				LOCALIZATION_PREFERS_STRING_CATALOGS = YES;
				MTL_ENABLE_DEBUG_INFO = INCLUDE_SOURCE;
				MTL_FAST_MATH = YES;
				ONLY_ACTIVE_ARCH = YES;
				SWIFT_ACTIVE_COMPILATION_CONDITIONS = "DEBUG $(inherited)";
				SWIFT_OPTIMIZATION_LEVEL = "-Onone";
				SWIFT_PACKAGE_NAME = "";
			};
			name = Debug;
		};
		42108C7B2D777EAB005CA059 /* Release */ = {
			isa = XCBuildConfiguration;
			buildSettings = {
				ALWAYS_SEARCH_USER_PATHS = NO;
				ASSETCATALOG_COMPILER_GENERATE_SWIFT_ASSET_SYMBOL_EXTENSIONS = YES;
				CLANG_ANALYZER_NONNULL = YES;
				CLANG_ANALYZER_NUMBER_OBJECT_CONVERSION = YES_AGGRESSIVE;
				CLANG_CXX_LANGUAGE_STANDARD = "gnu++20";
				CLANG_ENABLE_MODULES = YES;
				CLANG_ENABLE_OBJC_ARC = YES;
				CLANG_ENABLE_OBJC_WEAK = YES;
				CLANG_WARN_BLOCK_CAPTURE_AUTORELEASING = YES;
				CLANG_WARN_BOOL_CONVERSION = YES;
				CLANG_WARN_COMMA = YES;
				CLANG_WARN_CONSTANT_CONVERSION = YES;
				CLANG_WARN_DEPRECATED_OBJC_IMPLEMENTATIONS = YES;
				CLANG_WARN_DIRECT_OBJC_ISA_USAGE = YES_ERROR;
				CLANG_WARN_DOCUMENTATION_COMMENTS = YES;
				CLANG_WARN_EMPTY_BODY = YES;
				CLANG_WARN_ENUM_CONVERSION = YES;
				CLANG_WARN_INFINITE_RECURSION = YES;
				CLANG_WARN_INT_CONVERSION = YES;
				CLANG_WARN_NON_LITERAL_NULL_CONVERSION = YES;
				CLANG_WARN_OBJC_IMPLICIT_RETAIN_SELF = YES;
				CLANG_WARN_OBJC_LITERAL_CONVERSION = YES;
				CLANG_WARN_OBJC_ROOT_CLASS = YES_ERROR;
				CLANG_WARN_QUOTED_INCLUDE_IN_FRAMEWORK_HEADER = YES;
				CLANG_WARN_RANGE_LOOP_ANALYSIS = YES;
				CLANG_WARN_STRICT_PROTOTYPES = YES;
				CLANG_WARN_SUSPICIOUS_MOVE = YES;
				CLANG_WARN_UNGUARDED_AVAILABILITY = YES_AGGRESSIVE;
				CLANG_WARN_UNREACHABLE_CODE = YES;
				CLANG_WARN__DUPLICATE_METHOD_MATCH = YES;
				COPY_PHASE_STRIP = NO;
				DEBUG_INFORMATION_FORMAT = "dwarf-with-dsym";
				ENABLE_NS_ASSERTIONS = NO;
				ENABLE_STRICT_OBJC_MSGSEND = YES;
				ENABLE_USER_SCRIPT_SANDBOXING = YES;
				GCC_C_LANGUAGE_STANDARD = gnu17;
				GCC_NO_COMMON_BLOCKS = YES;
				GCC_WARN_64_TO_32_BIT_CONVERSION = YES;
				GCC_WARN_ABOUT_RETURN_TYPE = YES_ERROR;
				GCC_WARN_UNDECLARED_SELECTOR = YES;
				GCC_WARN_UNINITIALIZED_AUTOS = YES_AGGRESSIVE;
				GCC_WARN_UNUSED_FUNCTION = YES;
				GCC_WARN_UNUSED_VARIABLE = YES;
				LOCALIZATION_PREFERS_STRING_CATALOGS = YES;
				MTL_ENABLE_DEBUG_INFO = NO;
				MTL_FAST_MATH = YES;
				SWIFT_COMPILATION_MODE = wholemodule;
				SWIFT_PACKAGE_NAME = "";
			};
			name = Release;
		};
		42108C7D2D777EAB005CA059 /* Debug */ = {
			isa = XCBuildConfiguration;
			buildSettings = {
				BUNDLE_LOADER = "$(TEST_HOST)";
				CODE_SIGN_STYLE = Automatic;
				CURRENT_PROJECT_VERSION = 1;
				DEVELOPMENT_TEAM = FZ8DWDX6A5;
				GENERATE_INFOPLIST_FILE = YES;
				IPHONEOS_DEPLOYMENT_TARGET = 18.2;
				MACOSX_DEPLOYMENT_TARGET = 15.2;
				MARKETING_VERSION = 1.0;
				PRODUCT_BUNDLE_IDENTIFIER = "jmount.Acrostic-iOSTests";
				PRODUCT_NAME = "$(TARGET_NAME)";
				SDKROOT = auto;
				SUPPORTED_PLATFORMS = "iphoneos iphonesimulator";
				SUPPORTS_MACCATALYST = NO;
				SWIFT_EMIT_LOC_STRINGS = NO;
				SWIFT_VERSION = 5.0;
				TARGETED_DEVICE_FAMILY = "1,2";
				TEST_HOST = "$(BUILT_PRODUCTS_DIR)/Acrostic.iOS.app/$(BUNDLE_EXECUTABLE_FOLDER_PATH)/Acrostic.iOS";
				XROS_DEPLOYMENT_TARGET = 2.2;
			};
			name = Debug;
		};
		42108C7E2D777EAB005CA059 /* Release */ = {
			isa = XCBuildConfiguration;
			buildSettings = {
				BUNDLE_LOADER = "$(TEST_HOST)";
				CODE_SIGN_STYLE = Automatic;
				CURRENT_PROJECT_VERSION = 1;
				DEVELOPMENT_TEAM = FZ8DWDX6A5;
				GENERATE_INFOPLIST_FILE = YES;
				IPHONEOS_DEPLOYMENT_TARGET = 18.2;
				MACOSX_DEPLOYMENT_TARGET = 15.2;
				MARKETING_VERSION = 1.0;
				PRODUCT_BUNDLE_IDENTIFIER = "jmount.Acrostic-iOSTests";
				PRODUCT_NAME = "$(TARGET_NAME)";
				SDKROOT = auto;
				SUPPORTED_PLATFORMS = "iphoneos iphonesimulator";
				SUPPORTS_MACCATALYST = NO;
				SWIFT_EMIT_LOC_STRINGS = NO;
				SWIFT_VERSION = 5.0;
				TARGETED_DEVICE_FAMILY = "1,2";
				TEST_HOST = "$(BUILT_PRODUCTS_DIR)/Acrostic.iOS.app/$(BUNDLE_EXECUTABLE_FOLDER_PATH)/Acrostic.iOS";
				XROS_DEPLOYMENT_TARGET = 2.2;
			};
			name = Release;
		};
		42108C802D777EAB005CA059 /* Debug */ = {
			isa = XCBuildConfiguration;
			buildSettings = {
				CODE_SIGN_STYLE = Automatic;
				CURRENT_PROJECT_VERSION = 1;
				DEVELOPMENT_TEAM = FZ8DWDX6A5;
				GENERATE_INFOPLIST_FILE = YES;
				IPHONEOS_DEPLOYMENT_TARGET = 18.2;
				MACOSX_DEPLOYMENT_TARGET = 15.2;
				MARKETING_VERSION = 1.0;
				PRODUCT_BUNDLE_IDENTIFIER = "jmount.Acrostic-iOSUITests";
				PRODUCT_NAME = "$(TARGET_NAME)";
				SDKROOT = auto;
				SUPPORTED_PLATFORMS = "iphoneos iphonesimulator";
				SUPPORTS_MACCATALYST = NO;
				SWIFT_EMIT_LOC_STRINGS = NO;
				SWIFT_VERSION = 5.0;
				TARGETED_DEVICE_FAMILY = "1,2";
				TEST_TARGET_NAME = Acrostic.iOS;
				XROS_DEPLOYMENT_TARGET = 2.2;
			};
			name = Debug;
		};
		42108C812D777EAB005CA059 /* Release */ = {
			isa = XCBuildConfiguration;
			buildSettings = {
				CODE_SIGN_STYLE = Automatic;
				CURRENT_PROJECT_VERSION = 1;
				DEVELOPMENT_TEAM = FZ8DWDX6A5;
				GENERATE_INFOPLIST_FILE = YES;
				IPHONEOS_DEPLOYMENT_TARGET = 18.2;
				MACOSX_DEPLOYMENT_TARGET = 15.2;
				MARKETING_VERSION = 1.0;
				PRODUCT_BUNDLE_IDENTIFIER = "jmount.Acrostic-iOSUITests";
				PRODUCT_NAME = "$(TARGET_NAME)";
				SDKROOT = auto;
				SUPPORTED_PLATFORMS = "iphoneos iphonesimulator";
				SUPPORTS_MACCATALYST = NO;
				SWIFT_EMIT_LOC_STRINGS = NO;
				SWIFT_VERSION = 5.0;
				TARGETED_DEVICE_FAMILY = "1,2";
				TEST_TARGET_NAME = Acrostic.iOS;
				XROS_DEPLOYMENT_TARGET = 2.2;
			};
			name = Release;
		};
		42108CBC2D77828C005CA059 /* Debug */ = {
			isa = XCBuildConfiguration;
			buildSettings = {
				BUILD_LIBRARY_FOR_DISTRIBUTION = YES;
				CLANG_ENABLE_MODULES = YES;
				CODE_SIGN_STYLE = Automatic;
				CURRENT_PROJECT_VERSION = 1;
				DEFINES_MODULE = YES;
				DEVELOPMENT_TEAM = FZ8DWDX6A5;
				DYLIB_COMPATIBILITY_VERSION = 1;
				DYLIB_CURRENT_VERSION = 1;
				DYLIB_INSTALL_NAME_BASE = "@rpath";
				ENABLE_MODULE_VERIFIER = YES;
				GENERATE_INFOPLIST_FILE = YES;
				INFOPLIST_KEY_NSHumanReadableCopyright = "";
				INSTALL_PATH = "$(LOCAL_LIBRARY_DIR)/Frameworks";
				IPHONEOS_DEPLOYMENT_TARGET = 18.2;
				LD_RUNPATH_SEARCH_PATHS = (
					"$(inherited)",
					"@executable_path/Frameworks",
					"@loader_path/Frameworks",
				);
				MARKETING_VERSION = 1.0;
				MODULE_VERIFIER_SUPPORTED_LANGUAGES = "objective-c objective-c++";
				MODULE_VERIFIER_SUPPORTED_LANGUAGE_STANDARDS = "gnu17 gnu++20";
				PRODUCT_BUNDLE_IDENTIFIER = "jmount.Nactions-Xcode.AcrostiKit";
				PRODUCT_NAME = "$(TARGET_NAME:c99extidentifier)";
				SDKROOT = iphoneos;
				SKIP_INSTALL = YES;
				SUPPORTED_PLATFORMS = "iphoneos iphonesimulator";
				SUPPORTS_MACCATALYST = NO;
				SUPPORTS_MAC_DESIGNED_FOR_IPHONE_IPAD = NO;
				SUPPORTS_XR_DESIGNED_FOR_IPHONE_IPAD = NO;
				SWIFT_EMIT_LOC_STRINGS = YES;
				SWIFT_INSTALL_OBJC_HEADER = NO;
				SWIFT_OPTIMIZATION_LEVEL = "-Onone";
				SWIFT_VERSION = 5.0;
				TARGETED_DEVICE_FAMILY = "1,2";
				VERSIONING_SYSTEM = "apple-generic";
				VERSION_INFO_PREFIX = "";
			};
			name = Debug;
		};
		42108CBD2D77828C005CA059 /* Release */ = {
			isa = XCBuildConfiguration;
			buildSettings = {
				BUILD_LIBRARY_FOR_DISTRIBUTION = YES;
				CLANG_ENABLE_MODULES = YES;
				CODE_SIGN_STYLE = Automatic;
				CURRENT_PROJECT_VERSION = 1;
				DEFINES_MODULE = YES;
				DEVELOPMENT_TEAM = FZ8DWDX6A5;
				DYLIB_COMPATIBILITY_VERSION = 1;
				DYLIB_CURRENT_VERSION = 1;
				DYLIB_INSTALL_NAME_BASE = "@rpath";
				ENABLE_MODULE_VERIFIER = YES;
				GENERATE_INFOPLIST_FILE = YES;
				INFOPLIST_KEY_NSHumanReadableCopyright = "";
				INSTALL_PATH = "$(LOCAL_LIBRARY_DIR)/Frameworks";
				IPHONEOS_DEPLOYMENT_TARGET = 18.2;
				LD_RUNPATH_SEARCH_PATHS = (
					"$(inherited)",
					"@executable_path/Frameworks",
					"@loader_path/Frameworks",
				);
				MARKETING_VERSION = 1.0;
				MODULE_VERIFIER_SUPPORTED_LANGUAGES = "objective-c objective-c++";
				MODULE_VERIFIER_SUPPORTED_LANGUAGE_STANDARDS = "gnu17 gnu++20";
				PRODUCT_BUNDLE_IDENTIFIER = "jmount.Nactions-Xcode.AcrostiKit";
				PRODUCT_NAME = "$(TARGET_NAME:c99extidentifier)";
				SDKROOT = iphoneos;
				SKIP_INSTALL = YES;
				SUPPORTED_PLATFORMS = "iphoneos iphonesimulator";
				SUPPORTS_MACCATALYST = NO;
				SUPPORTS_MAC_DESIGNED_FOR_IPHONE_IPAD = NO;
				SUPPORTS_XR_DESIGNED_FOR_IPHONE_IPAD = NO;
				SWIFT_EMIT_LOC_STRINGS = YES;
				SWIFT_INSTALL_OBJC_HEADER = NO;
				SWIFT_VERSION = 5.0;
				TARGETED_DEVICE_FAMILY = "1,2";
				VALIDATE_PRODUCT = YES;
				VERSIONING_SYSTEM = "apple-generic";
				VERSION_INFO_PREFIX = "";
			};
			name = Release;
		};
		42108CC12D77828C005CA059 /* Debug */ = {
			isa = XCBuildConfiguration;
			buildSettings = {
				CODE_SIGN_STYLE = Automatic;
				CURRENT_PROJECT_VERSION = 1;
				DEVELOPMENT_TEAM = FZ8DWDX6A5;
				GENERATE_INFOPLIST_FILE = YES;
				IPHONEOS_DEPLOYMENT_TARGET = 18.2;
				MARKETING_VERSION = 1.0;
				PRODUCT_BUNDLE_IDENTIFIER = "jmount.Nactions-Xcode.AcrostiKitTests";
				PRODUCT_NAME = "$(TARGET_NAME)";
				SDKROOT = iphoneos;
				SUPPORTED_PLATFORMS = "iphoneos iphonesimulator";
				SUPPORTS_MACCATALYST = NO;
				SUPPORTS_MAC_DESIGNED_FOR_IPHONE_IPAD = NO;
				SUPPORTS_XR_DESIGNED_FOR_IPHONE_IPAD = NO;
				SWIFT_EMIT_LOC_STRINGS = NO;
				SWIFT_VERSION = 5.0;
				TARGETED_DEVICE_FAMILY = "1,2";
				TEST_HOST = "$(BUILT_PRODUCTS_DIR)/Acrostic.iOS.app/$(BUNDLE_EXECUTABLE_FOLDER_PATH)/Acrostic.iOS";
			};
			name = Debug;
		};
		42108CC22D77828C005CA059 /* Release */ = {
			isa = XCBuildConfiguration;
			buildSettings = {
				CODE_SIGN_STYLE = Automatic;
				CURRENT_PROJECT_VERSION = 1;
				DEVELOPMENT_TEAM = FZ8DWDX6A5;
				GENERATE_INFOPLIST_FILE = YES;
				IPHONEOS_DEPLOYMENT_TARGET = 18.2;
				MARKETING_VERSION = 1.0;
				PRODUCT_BUNDLE_IDENTIFIER = "jmount.Nactions-Xcode.AcrostiKitTests";
				PRODUCT_NAME = "$(TARGET_NAME)";
				SDKROOT = iphoneos;
				SUPPORTED_PLATFORMS = "iphoneos iphonesimulator";
				SUPPORTS_MACCATALYST = NO;
				SUPPORTS_MAC_DESIGNED_FOR_IPHONE_IPAD = NO;
				SUPPORTS_XR_DESIGNED_FOR_IPHONE_IPAD = NO;
				SWIFT_EMIT_LOC_STRINGS = NO;
				SWIFT_VERSION = 5.0;
				TARGETED_DEVICE_FAMILY = "1,2";
				TEST_HOST = "$(BUILT_PRODUCTS_DIR)/Acrostic.iOS.app/$(BUNDLE_EXECUTABLE_FOLDER_PATH)/Acrostic.iOS";
				VALIDATE_PRODUCT = YES;
			};
			name = Release;
		};
		42108D3D2D778488005CA059 /* Debug */ = {
			isa = XCBuildConfiguration;
			buildSettings = {
				ASSETCATALOG_COMPILER_GLOBAL_ACCENT_COLOR_NAME = AccentColor;
				ASSETCATALOG_COMPILER_WIDGET_BACKGROUND_COLOR_NAME = WidgetBackground;
				CODE_SIGN_STYLE = Automatic;
				CURRENT_PROJECT_VERSION = 1;
				DEVELOPMENT_TEAM = FZ8DWDX6A5;
				GENERATE_INFOPLIST_FILE = YES;
				INFOPLIST_FILE = AcrosticWidgets/Info.plist;
				INFOPLIST_KEY_CFBundleDisplayName = AcrosticWidgets;
				INFOPLIST_KEY_NSHumanReadableCopyright = "";
				IPHONEOS_DEPLOYMENT_TARGET = 18.2;
				LD_RUNPATH_SEARCH_PATHS = (
					"$(inherited)",
					"@executable_path/Frameworks",
					"@executable_path/../../Frameworks",
				);
				MARKETING_VERSION = 1.0;
				PRODUCT_BUNDLE_IDENTIFIER = "jmount.Acrostic-iOS.AcrosticWidgets";
				PRODUCT_NAME = "$(TARGET_NAME)";
				SDKROOT = iphoneos;
				SKIP_INSTALL = YES;
				SWIFT_EMIT_LOC_STRINGS = YES;
				SWIFT_VERSION = 5.0;
				TARGETED_DEVICE_FAMILY = "1,2";
			};
			name = Debug;
		};
		42108D3E2D778488005CA059 /* Release */ = {
			isa = XCBuildConfiguration;
			buildSettings = {
				ASSETCATALOG_COMPILER_GLOBAL_ACCENT_COLOR_NAME = AccentColor;
				ASSETCATALOG_COMPILER_WIDGET_BACKGROUND_COLOR_NAME = WidgetBackground;
				CODE_SIGN_STYLE = Automatic;
				CURRENT_PROJECT_VERSION = 1;
				DEVELOPMENT_TEAM = FZ8DWDX6A5;
				GENERATE_INFOPLIST_FILE = YES;
				INFOPLIST_FILE = AcrosticWidgets/Info.plist;
				INFOPLIST_KEY_CFBundleDisplayName = AcrosticWidgets;
				INFOPLIST_KEY_NSHumanReadableCopyright = "";
				IPHONEOS_DEPLOYMENT_TARGET = 18.2;
				LD_RUNPATH_SEARCH_PATHS = (
					"$(inherited)",
					"@executable_path/Frameworks",
					"@executable_path/../../Frameworks",
				);
				MARKETING_VERSION = 1.0;
				PRODUCT_BUNDLE_IDENTIFIER = "jmount.Acrostic-iOS.AcrosticWidgets";
				PRODUCT_NAME = "$(TARGET_NAME)";
				SDKROOT = iphoneos;
				SKIP_INSTALL = YES;
				SWIFT_EMIT_LOC_STRINGS = YES;
				SWIFT_VERSION = 5.0;
				TARGETED_DEVICE_FAMILY = "1,2";
				VALIDATE_PRODUCT = YES;
			};
			name = Release;
		};
/* End XCBuildConfiguration section */

/* Begin XCConfigurationList section */
		42108C482D777EA9005CA059 /* Build configuration list for PBXProject "Acrostic.iOS" */ = {
			isa = XCConfigurationList;
			buildConfigurations = (
				42108C7A2D777EAB005CA059 /* Debug */,
				42108C7B2D777EAB005CA059 /* Release */,
			);
			defaultConfigurationIsVisible = 0;
			defaultConfigurationName = Release;
		};
		42108C772D777EAB005CA059 /* Build configuration list for PBXNativeTarget "Acrostic.iOS" */ = {
			isa = XCConfigurationList;
			buildConfigurations = (
				42108C782D777EAB005CA059 /* Debug */,
				42108C792D777EAB005CA059 /* Release */,
			);
			defaultConfigurationIsVisible = 0;
			defaultConfigurationName = Release;
		};
		42108C7C2D777EAB005CA059 /* Build configuration list for PBXNativeTarget "Acrostic.iOSTests" */ = {
			isa = XCConfigurationList;
			buildConfigurations = (
				42108C7D2D777EAB005CA059 /* Debug */,
				42108C7E2D777EAB005CA059 /* Release */,
			);
			defaultConfigurationIsVisible = 0;
			defaultConfigurationName = Release;
		};
		42108C7F2D777EAB005CA059 /* Build configuration list for PBXNativeTarget "Acrostic.iOSUITests" */ = {
			isa = XCConfigurationList;
			buildConfigurations = (
				42108C802D777EAB005CA059 /* Debug */,
				42108C812D777EAB005CA059 /* Release */,
			);
			defaultConfigurationIsVisible = 0;
			defaultConfigurationName = Release;
		};
		42108CBB2D77828C005CA059 /* Build configuration list for PBXNativeTarget "AcrostiKit" */ = {
			isa = XCConfigurationList;
			buildConfigurations = (
				42108CBC2D77828C005CA059 /* Debug */,
				42108CBD2D77828C005CA059 /* Release */,
			);
			defaultConfigurationIsVisible = 0;
			defaultConfigurationName = Release;
		};
		42108CC02D77828C005CA059 /* Build configuration list for PBXNativeTarget "AcrostiKitTests" */ = {
			isa = XCConfigurationList;
			buildConfigurations = (
				42108CC12D77828C005CA059 /* Debug */,
				42108CC22D77828C005CA059 /* Release */,
			);
			defaultConfigurationIsVisible = 0;
			defaultConfigurationName = Release;
		};
		42108D3C2D778488005CA059 /* Build configuration list for PBXNativeTarget "AcrosticWidgetsExtension" */ = {
			isa = XCConfigurationList;
			buildConfigurations = (
				42108D3D2D778488005CA059 /* Debug */,
				42108D3E2D778488005CA059 /* Release */,
			);
			defaultConfigurationIsVisible = 0;
			defaultConfigurationName = Release;
		};
/* End XCConfigurationList section */
	};
	rootObject = 42108C452D777EA9005CA059 /* Project object */;
}
